Microsoft Visual Studio Solution File, Format Version 12.00
# Visual Studio Version 17
VisualStudioVersion = 17.5.2.0
MinimumVisualStudioVersion = 10.0.40219.1
Project("{2150E333-8FDC-42A3-9474-1A3956D46DE8}") = "BackEnd", "BackEnd", "{1AE8ACA6-933B-BF2A-3671-3E2EAC007D16}"
EndProject
Project("{FAE04EC0-301F-11D3-BF4B-00C04F79EFBC}") = "BackEnd.C#", "BackEnd\BackEnd.C#\BackEnd.C#.csproj", "{6301E7AE-CB1C-A958-41B7-A13315C150CA}"
EndProject
Global
	GlobalSection(SolutionConfigurationPlatforms) = preSolution
		Debug|Any CPU = Debug|Any CPU
		Release|Any CPU = Release|Any CPU
	EndGlobalSection
	GlobalSection(ProjectConfigurationPlatforms) = postSolution
		{6301E7AE-CB1C-A958-41B7-A13315C150CA}.Debug|Any CPU.ActiveCfg = Debug|Any CPU
		{6301E7AE-CB1C-A958-41B7-A13315C150CA}.Debug|Any CPU.Build.0 = Debug|Any CPU
		{6301E7AE-CB1C-A958-41B7-A13315C150CA}.Release|Any CPU.ActiveCfg = Release|Any CPU
		{6301E7AE-CB1C-A958-41B7-A13315C150CA}.Release|Any CPU.Build.0 = Release|Any CPU
	EndGlobalSection
	GlobalSection(SolutionProperties) = preSolution
		HideSolutionNode = FALSE
	EndGlobalSection
	GlobalSection(NestedProjects) = preSolution
		{6301E7AE-CB1C-A958-41B7-A13315C150CA} = {1AE8ACA6-933B-BF2A-3671-3E2EAC007D16}
	EndGlobalSection
	GlobalSection(ExtensibilityGlobals) = postSolution
		SolutionGuid = {B64E6817-82A1-4412-8107-DF44913CD4B0}
	EndGlobalSection
EndGlobal
